
Microsoft Visual Studio Solution File, Format Version 12.00
# Visual Studio Version 17
VisualStudioVersion = 17.7.34024.191
MinimumVisualStudioVersion = 10.0.40219.1
Project("{FAE04EC0-301F-11D3-BF4B-00C04F79EFBC}") = "Palindromecheck2", "Palindromecheck2.csproj", "{F8B9491C-07A7-42D4-B5CC-F7DB602A82F6}"
EndProject
Global
	GlobalSection(SolutionConfigurationPlatforms) = preSolution
		Debug|Any CPU = Debug|Any CPU
		Release|Any CPU = Release|Any CPU
	EndGlobalSection
	GlobalSection(ProjectConfigurationPlatforms) = postSolution
		{F8B9491C-07A7-42D4-B5CC-F7DB602A82F6}.Debug|Any CPU.ActiveCfg = Debug|Any CPU
		{F8B9491C-07A7-42D4-B5CC-F7DB602A82F6}.Debug|Any CPU.Build.0 = Debug|Any CPU
		{F8B9491C-07A7-42D4-B5CC-F7DB602A82F6}.Release|Any CPU.ActiveCfg = Release|Any CPU
		{F8B9491C-07A7-42D4-B5CC-F7DB602A82F6}.Release|Any CPU.Build.0 = Release|Any CPU
	EndGlobalSection
	GlobalSection(SolutionProperties) = preSolution
		HideSolutionNode = FALSE
	EndGlobalSection
	GlobalSection(ExtensibilityGlobals) = postSolution
		SolutionGuid = {C66235B4-DCD9-416D-BE99-3D085226E540}
	EndGlobalSection
EndGlobal
